// !$*UTF8*$!
{
	archiveVersion = 1;
	classes = {
	};
	objectVersion = 50;
	objects = {

/* Begin PBXBuildFile section */
		37E81342BD21C40CAE1209CD /* libPods-FuriganaConverterTests.a in Frameworks */ = {isa = PBXBuildFile; fileRef = 07AB264A526A138C973F4346 /* libPods-FuriganaConverterTests.a */; };
		496E7E3BFEDB078A894C3520 /* libPods-FuriganaConverterUITests.a in Frameworks */ = {isa = PBXBuildFile; fileRef = 3AC9D3F9ABB813AEF2A1D918 /* libPods-FuriganaConverterUITests.a */; };
		91F4C4D8FB2A5DD6B654A1A7 /* libPods-FuriganaConverter.a in Frameworks */ = {isa = PBXBuildFile; fileRef = CB72FA2221E48E0F22612127 /* libPods-FuriganaConverter.a */; };
		BB69BBF8239BE559003B85A3 /* ConverterHistoryView.swift in Sources */ = {isa = PBXBuildFile; fileRef = BB69BBF7239BE558003B85A3 /* ConverterHistoryView.swift */; };
		BB69BBFB239BE5A0003B85A3 /* FuriganaConverter.xcdatamodeld in Sources */ = {isa = PBXBuildFile; fileRef = BB69BBF9239BE5A0003B85A3 /* FuriganaConverter.xcdatamodeld */; };
		BB69BBFE239BE619003B85A3 /* History+CoreDataClass.swift in Sources */ = {isa = PBXBuildFile; fileRef = BB69BBFC239BE619003B85A3 /* History+CoreDataClass.swift */; };
		BB69BBFF239BE619003B85A3 /* History+CoreDataProperties.swift in Sources */ = {isa = PBXBuildFile; fileRef = BB69BBFD239BE619003B85A3 /* History+CoreDataProperties.swift */; };
		BB69BC02239BF1AB003B85A3 /* CoreDataStack.swift in Sources */ = {isa = PBXBuildFile; fileRef = BB69BC01239BF1AB003B85A3 /* CoreDataStack.swift */; };
		BB69BC04239C0666003B85A3 /* HistoryCell.swift in Sources */ = {isa = PBXBuildFile; fileRef = BB69BC03239C0666003B85A3 /* HistoryCell.swift */; };
		BB69BC08239C9E4D003B85A3 /* MockCoreDataStack.swift in Sources */ = {isa = PBXBuildFile; fileRef = BB69BC07239C9E4D003B85A3 /* MockCoreDataStack.swift */; };
		BB69BC0A239CA1C5003B85A3 /* HistoryHolder.swift in Sources */ = {isa = PBXBuildFile; fileRef = BB69BC09239CA1C5003B85A3 /* HistoryHolder.swift */; };
		BB69BC0C239CA3FF003B85A3 /* MockHistoryHolder.swift in Sources */ = {isa = PBXBuildFile; fileRef = BB69BC0B239CA3FF003B85A3 /* MockHistoryHolder.swift */; };
		BB97E07B23993BD000358A90 /* ConverterRootView.swift in Sources */ = {isa = PBXBuildFile; fileRef = BB97E07A23993BD000358A90 /* ConverterRootView.swift */; };
		BB97E07D2399402F00358A90 /* NiblessView.swift in Sources */ = {isa = PBXBuildFile; fileRef = BB97E07C2399402F00358A90 /* NiblessView.swift */; };
		BB97E082239952BB00358A90 /* Localizable.strings in Resources */ = {isa = PBXBuildFile; fileRef = BB97E084239952BB00358A90 /* Localizable.strings */; };
		BB97E08A239A85B800358A90 /* PrivateInfoPlist.swift in Sources */ = {isa = PBXBuildFile; fileRef = BB97E089239A85B800358A90 /* PrivateInfoPlist.swift */; };
		BB97E08F239A8E3700358A90 /* Strings.swift in Sources */ = {isa = PBXBuildFile; fileRef = BB97E08E239A8E3700358A90 /* Strings.swift */; };
		BB97E095239AC95900358A90 /* ConverterEventResponder.swift in Sources */ = {isa = PBXBuildFile; fileRef = BB97E094239AC95900358A90 /* ConverterEventResponder.swift */; };
		BB97E098239ACD6200358A90 /* AppDependencyContainer.swift in Sources */ = {isa = PBXBuildFile; fileRef = BB97E097239ACD6200358A90 /* AppDependencyContainer.swift */; };
		BB97E09A239ACF0A00358A90 /* ConverterUserInterface.swift in Sources */ = {isa = PBXBuildFile; fileRef = BB97E099239ACF0A00358A90 /* ConverterUserInterface.swift */; };
		BB97E09C239ACFC200358A90 /* NiblessViewController.swift in Sources */ = {isa = PBXBuildFile; fileRef = BB97E09B239ACFC200358A90 /* NiblessViewController.swift */; };
		BBE83993239B73E900A90DEB /* ConverterViewControllerTests.swift in Sources */ = {isa = PBXBuildFile; fileRef = BBE83992239B73E900A90DEB /* ConverterViewControllerTests.swift */; };
		BBE83995239B74B000A90DEB /* MockFuriganaConverterRemoteAPI.swift in Sources */ = {isa = PBXBuildFile; fileRef = BBE83994239B74B000A90DEB /* MockFuriganaConverterRemoteAPI.swift */; };
		BBE83997239B853300A90DEB /* ConvertingResultView.swift in Sources */ = {isa = PBXBuildFile; fileRef = BBE83996239B853300A90DEB /* ConvertingResultView.swift */; };
		BBE83999239B99C300A90DEB /* ConverterTopBar.swift in Sources */ = {isa = PBXBuildFile; fileRef = BBE83998239B99C300A90DEB /* ConverterTopBar.swift */; };
		BBE8399F239BADB700A90DEB /* ConverterOutputType.swift in Sources */ = {isa = PBXBuildFile; fileRef = BBE8399E239BADB700A90DEB /* ConverterOutputType.swift */; };
		BBE8A3B52398138F00663E73 /* AppDelegate.swift in Sources */ = {isa = PBXBuildFile; fileRef = BBE8A3B42398138F00663E73 /* AppDelegate.swift */; };
		BBE8A3B72398138F00663E73 /* SceneDelegate.swift in Sources */ = {isa = PBXBuildFile; fileRef = BBE8A3B62398138F00663E73 /* SceneDelegate.swift */; };
		BBE8A3B92398138F00663E73 /* ConvertorViewController.swift in Sources */ = {isa = PBXBuildFile; fileRef = BBE8A3B82398138F00663E73 /* ConvertorViewController.swift */; };
		BBE8A3BE2398139000663E73 /* Assets.xcassets in Resources */ = {isa = PBXBuildFile; fileRef = BBE8A3BD2398139000663E73 /* Assets.xcassets */; };
		BBE8A3C12398139000663E73 /* LaunchScreen.storyboard in Resources */ = {isa = PBXBuildFile; fileRef = BBE8A3BF2398139000663E73 /* LaunchScreen.storyboard */; };
		BBE8A3F223981C0600663E73 /* FuriganaConverterUITests.swift in Sources */ = {isa = PBXBuildFile; fileRef = BBE8A3F123981C0600663E73 /* FuriganaConverterUITests.swift */; };
		BBE8A3F7239821A300663E73 /* RemoteAPIError.swift in Sources */ = {isa = PBXBuildFile; fileRef = BBE8A3F6239821A300663E73 /* RemoteAPIError.swift */; };
		BBE8A3F9239821BD00663E73 /* FuriganaConverterRemoteAPI.swift in Sources */ = {isa = PBXBuildFile; fileRef = BBE8A3F8239821BD00663E73 /* FuriganaConverterRemoteAPI.swift */; };
		BBE8A3FB239821EA00663E73 /* GooFuriganaConverterRemoteAPI.swift in Sources */ = {isa = PBXBuildFile; fileRef = BBE8A3FA239821EA00663E73 /* GooFuriganaConverterRemoteAPI.swift */; };
		BBE8A3FD2398222900663E73 /* GooFuriganaConverterRemoteAPITests.swift in Sources */ = {isa = PBXBuildFile; fileRef = BBE8A3FC2398222900663E73 /* GooFuriganaConverterRemoteAPITests.swift */; };
		BBE8A402239824A300663E73 /* MockURLSessionDataTask.swift in Sources */ = {isa = PBXBuildFile; fileRef = BBE8A401239824A300663E73 /* MockURLSessionDataTask.swift */; };
		BBE8A404239824D500663E73 /* MockURLSession.swift in Sources */ = {isa = PBXBuildFile; fileRef = BBE8A403239824D500663E73 /* MockURLSession.swift */; };
		BBE8A4072398263400663E73 /* PrivateInfo.plist in Resources */ = {isa = PBXBuildFile; fileRef = BBE8A405239825AF00663E73 /* PrivateInfo.plist */; };
		BBE8A40A23982B7B00663E73 /* ErrorResponse.swift in Sources */ = {isa = PBXBuildFile; fileRef = BBE8A40923982B7B00663E73 /* ErrorResponse.swift */; };
		BBE8A40C23982EFE00663E73 /* GooFuriganaConverterResponse.swift in Sources */ = {isa = PBXBuildFile; fileRef = BBE8A40B23982EFE00663E73 /* GooFuriganaConverterResponse.swift */; };
/* End PBXBuildFile section */

/* Begin PBXContainerItemProxy section */
		BBE8A3C82398139000663E73 /* PBXContainerItemProxy */ = {
			isa = PBXContainerItemProxy;
			containerPortal = BBE8A3A92398138F00663E73 /* Project object */;
			proxyType = 1;
			remoteGlobalIDString = BBE8A3B02398138F00663E73;
			remoteInfo = FuriganaConverter;
		};
		BBE8A3D32398139000663E73 /* PBXContainerItemProxy */ = {
			isa = PBXContainerItemProxy;
			containerPortal = BBE8A3A92398138F00663E73 /* Project object */;
			proxyType = 1;
			remoteGlobalIDString = BBE8A3B02398138F00663E73;
			remoteInfo = FuriganaConverter;
		};
/* End PBXContainerItemProxy section */

/* Begin PBXFileReference section */
		07AB264A526A138C973F4346 /* libPods-FuriganaConverterTests.a */ = {isa = PBXFileReference; explicitFileType = archive.ar; includeInIndex = 0; path = "libPods-FuriganaConverterTests.a"; sourceTree = BUILT_PRODUCTS_DIR; };
		0D935B7C6A8A2B6CB0B836A7 /* Pods-FuriganaConverterTests.debug.xcconfig */ = {isa = PBXFileReference; includeInIndex = 1; lastKnownFileType = text.xcconfig; name = "Pods-FuriganaConverterTests.debug.xcconfig"; path = "Target Support Files/Pods-FuriganaConverterTests/Pods-FuriganaConverterTests.debug.xcconfig"; sourceTree = "<group>"; };
		30E2D2FE7B91DAA6FC2E930A /* Pods-FuriganaConverterUITests.release.xcconfig */ = {isa = PBXFileReference; includeInIndex = 1; lastKnownFileType = text.xcconfig; name = "Pods-FuriganaConverterUITests.release.xcconfig"; path = "Target Support Files/Pods-FuriganaConverterUITests/Pods-FuriganaConverterUITests.release.xcconfig"; sourceTree = "<group>"; };
		3AC9D3F9ABB813AEF2A1D918 /* libPods-FuriganaConverterUITests.a */ = {isa = PBXFileReference; explicitFileType = archive.ar; includeInIndex = 0; path = "libPods-FuriganaConverterUITests.a"; sourceTree = BUILT_PRODUCTS_DIR; };
		425D74E59DF6DE29BBB9CB33 /* Pods-FuriganaConverter.debug.xcconfig */ = {isa = PBXFileReference; includeInIndex = 1; lastKnownFileType = text.xcconfig; name = "Pods-FuriganaConverter.debug.xcconfig"; path = "Target Support Files/Pods-FuriganaConverter/Pods-FuriganaConverter.debug.xcconfig"; sourceTree = "<group>"; };
		732A8E32FBE5CCAAFB7FDCC5 /* Pods-FuriganaConverter.release.xcconfig */ = {isa = PBXFileReference; includeInIndex = 1; lastKnownFileType = text.xcconfig; name = "Pods-FuriganaConverter.release.xcconfig"; path = "Target Support Files/Pods-FuriganaConverter/Pods-FuriganaConverter.release.xcconfig"; sourceTree = "<group>"; };
		BB69BBF7239BE558003B85A3 /* ConverterHistoryView.swift */ = {isa = PBXFileReference; fileEncoding = 4; lastKnownFileType = sourcecode.swift; path = ConverterHistoryView.swift; sourceTree = "<group>"; };
		BB69BBFA239BE5A0003B85A3 /* FuriganaConverter.xcdatamodel */ = {isa = PBXFileReference; lastKnownFileType = wrapper.xcdatamodel; path = FuriganaConverter.xcdatamodel; sourceTree = "<group>"; };
		BB69BBFC239BE619003B85A3 /* History+CoreDataClass.swift */ = {isa = PBXFileReference; lastKnownFileType = sourcecode.swift; name = "History+CoreDataClass.swift"; path = "FuriganaConverter/Data/Model/CoreData/History+CoreDataClass.swift"; sourceTree = SOURCE_ROOT; };
		BB69BBFD239BE619003B85A3 /* History+CoreDataProperties.swift */ = {isa = PBXFileReference; lastKnownFileType = sourcecode.swift; name = "History+CoreDataProperties.swift"; path = "FuriganaConverter/Data/Model/CoreData/History+CoreDataProperties.swift"; sourceTree = SOURCE_ROOT; };
		BB69BC01239BF1AB003B85A3 /* CoreDataStack.swift */ = {isa = PBXFileReference; lastKnownFileType = sourcecode.swift; path = CoreDataStack.swift; sourceTree = "<group>"; };
		BB69BC03239C0666003B85A3 /* HistoryCell.swift */ = {isa = PBXFileReference; lastKnownFileType = sourcecode.swift; path = HistoryCell.swift; sourceTree = "<group>"; };
		BB69BC07239C9E4D003B85A3 /* MockCoreDataStack.swift */ = {isa = PBXFileReference; lastKnownFileType = sourcecode.swift; path = MockCoreDataStack.swift; sourceTree = "<group>"; };
		BB69BC09239CA1C5003B85A3 /* HistoryHolder.swift */ = {isa = PBXFileReference; lastKnownFileType = sourcecode.swift; path = HistoryHolder.swift; sourceTree = "<group>"; };
		BB69BC0B239CA3FF003B85A3 /* MockHistoryHolder.swift */ = {isa = PBXFileReference; lastKnownFileType = sourcecode.swift; path = MockHistoryHolder.swift; sourceTree = "<group>"; };
		BB97E07A23993BD000358A90 /* ConverterRootView.swift */ = {isa = PBXFileReference; lastKnownFileType = sourcecode.swift; path = ConverterRootView.swift; sourceTree = "<group>"; };
		BB97E07C2399402F00358A90 /* NiblessView.swift */ = {isa = PBXFileReference; lastKnownFileType = sourcecode.swift; path = NiblessView.swift; sourceTree = "<group>"; };
		BB97E0812399529C00358A90 /* ja */ = {isa = PBXFileReference; lastKnownFileType = text.plist.strings; name = ja; path = ja.lproj/LaunchScreen.strings; sourceTree = "<group>"; };
		BB97E083239952BB00358A90 /* ja */ = {isa = PBXFileReference; lastKnownFileType = text.plist.strings; name = ja; path = ja.lproj/Localizable.strings; sourceTree = "<group>"; };
		BB97E089239A85B800358A90 /* PrivateInfoPlist.swift */ = {isa = PBXFileReference; fileEncoding = 4; lastKnownFileType = sourcecode.swift; path = PrivateInfoPlist.swift; sourceTree = "<group>"; };
		BB97E08D239A8D3700358A90 /* Base */ = {isa = PBXFileReference; lastKnownFileType = text.plist.strings; name = Base; path = Base.lproj/Localizable.strings; sourceTree = "<group>"; };
		BB97E08E239A8E3700358A90 /* Strings.swift */ = {isa = PBXFileReference; fileEncoding = 4; lastKnownFileType = sourcecode.swift; path = Strings.swift; sourceTree = "<group>"; };
		BB97E094239AC95900358A90 /* ConverterEventResponder.swift */ = {isa = PBXFileReference; lastKnownFileType = sourcecode.swift; path = ConverterEventResponder.swift; sourceTree = "<group>"; };
		BB97E097239ACD6200358A90 /* AppDependencyContainer.swift */ = {isa = PBXFileReference; lastKnownFileType = sourcecode.swift; path = AppDependencyContainer.swift; sourceTree = "<group>"; };
		BB97E099239ACF0A00358A90 /* ConverterUserInterface.swift */ = {isa = PBXFileReference; lastKnownFileType = sourcecode.swift; path = ConverterUserInterface.swift; sourceTree = "<group>"; };
		BB97E09B239ACFC200358A90 /* NiblessViewController.swift */ = {isa = PBXFileReference; lastKnownFileType = sourcecode.swift; path = NiblessViewController.swift; sourceTree = "<group>"; };
		BBE83992239B73E900A90DEB /* ConverterViewControllerTests.swift */ = {isa = PBXFileReference; lastKnownFileType = sourcecode.swift; path = ConverterViewControllerTests.swift; sourceTree = "<group>"; };
		BBE83994239B74B000A90DEB /* MockFuriganaConverterRemoteAPI.swift */ = {isa = PBXFileReference; lastKnownFileType = sourcecode.swift; path = MockFuriganaConverterRemoteAPI.swift; sourceTree = "<group>"; };
		BBE83996239B853300A90DEB /* ConvertingResultView.swift */ = {isa = PBXFileReference; lastKnownFileType = sourcecode.swift; path = ConvertingResultView.swift; sourceTree = "<group>"; };
		BBE83998239B99C300A90DEB /* ConverterTopBar.swift */ = {isa = PBXFileReference; lastKnownFileType = sourcecode.swift; path = ConverterTopBar.swift; sourceTree = "<group>"; };
		BBE8399E239BADB700A90DEB /* ConverterOutputType.swift */ = {isa = PBXFileReference; lastKnownFileType = sourcecode.swift; path = ConverterOutputType.swift; sourceTree = "<group>"; };
		BBE8A3B12398138F00663E73 /* FuriganaConverter.app */ = {isa = PBXFileReference; explicitFileType = wrapper.application; includeInIndex = 0; path = FuriganaConverter.app; sourceTree = BUILT_PRODUCTS_DIR; };
		BBE8A3B42398138F00663E73 /* AppDelegate.swift */ = {isa = PBXFileReference; lastKnownFileType = sourcecode.swift; path = AppDelegate.swift; sourceTree = "<group>"; };
		BBE8A3B62398138F00663E73 /* SceneDelegate.swift */ = {isa = PBXFileReference; lastKnownFileType = sourcecode.swift; path = SceneDelegate.swift; sourceTree = "<group>"; };
		BBE8A3B82398138F00663E73 /* ConvertorViewController.swift */ = {isa = PBXFileReference; lastKnownFileType = sourcecode.swift; path = ConvertorViewController.swift; sourceTree = "<group>"; };
		BBE8A3BD2398139000663E73 /* Assets.xcassets */ = {isa = PBXFileReference; lastKnownFileType = folder.assetcatalog; path = Assets.xcassets; sourceTree = "<group>"; };
		BBE8A3C02398139000663E73 /* Base */ = {isa = PBXFileReference; lastKnownFileType = file.storyboard; name = Base; path = Base.lproj/LaunchScreen.storyboard; sourceTree = "<group>"; };
		BBE8A3C22398139000663E73 /* Info.plist */ = {isa = PBXFileReference; lastKnownFileType = text.plist.xml; path = Info.plist; sourceTree = "<group>"; };
		BBE8A3C72398139000663E73 /* FuriganaConverterTests.xctest */ = {isa = PBXFileReference; explicitFileType = wrapper.cfbundle; includeInIndex = 0; path = FuriganaConverterTests.xctest; sourceTree = BUILT_PRODUCTS_DIR; };
		BBE8A3CD2398139000663E73 /* Info.plist */ = {isa = PBXFileReference; lastKnownFileType = text.plist.xml; path = Info.plist; sourceTree = "<group>"; };
		BBE8A3D22398139000663E73 /* FuriganaConverterUITests.xctest */ = {isa = PBXFileReference; explicitFileType = wrapper.cfbundle; includeInIndex = 0; path = FuriganaConverterUITests.xctest; sourceTree = BUILT_PRODUCTS_DIR; };
		BBE8A3D82398139000663E73 /* Info.plist */ = {isa = PBXFileReference; lastKnownFileType = text.plist.xml; path = Info.plist; sourceTree = "<group>"; };
		BBE8A3F123981C0600663E73 /* FuriganaConverterUITests.swift */ = {isa = PBXFileReference; lastKnownFileType = sourcecode.swift; path = FuriganaConverterUITests.swift; sourceTree = "<group>"; };
		BBE8A3F6239821A300663E73 /* RemoteAPIError.swift */ = {isa = PBXFileReference; lastKnownFileType = sourcecode.swift; path = RemoteAPIError.swift; sourceTree = "<group>"; };
		BBE8A3F8239821BD00663E73 /* FuriganaConverterRemoteAPI.swift */ = {isa = PBXFileReference; lastKnownFileType = sourcecode.swift; path = FuriganaConverterRemoteAPI.swift; sourceTree = "<group>"; };
		BBE8A3FA239821EA00663E73 /* GooFuriganaConverterRemoteAPI.swift */ = {isa = PBXFileReference; lastKnownFileType = sourcecode.swift; path = GooFuriganaConverterRemoteAPI.swift; sourceTree = "<group>"; };
		BBE8A3FC2398222900663E73 /* GooFuriganaConverterRemoteAPITests.swift */ = {isa = PBXFileReference; lastKnownFileType = sourcecode.swift; path = GooFuriganaConverterRemoteAPITests.swift; sourceTree = "<group>"; };
		BBE8A401239824A300663E73 /* MockURLSessionDataTask.swift */ = {isa = PBXFileReference; lastKnownFileType = sourcecode.swift; path = MockURLSessionDataTask.swift; sourceTree = "<group>"; };
		BBE8A403239824D500663E73 /* MockURLSession.swift */ = {isa = PBXFileReference; lastKnownFileType = sourcecode.swift; path = MockURLSession.swift; sourceTree = "<group>"; };
		BBE8A405239825AF00663E73 /* PrivateInfo.plist */ = {isa = PBXFileReference; lastKnownFileType = text.plist.xml; path = PrivateInfo.plist; sourceTree = "<group>"; };
		BBE8A40923982B7B00663E73 /* ErrorResponse.swift */ = {isa = PBXFileReference; lastKnownFileType = sourcecode.swift; path = ErrorResponse.swift; sourceTree = "<group>"; };
		BBE8A40B23982EFE00663E73 /* GooFuriganaConverterResponse.swift */ = {isa = PBXFileReference; lastKnownFileType = sourcecode.swift; path = GooFuriganaConverterResponse.swift; sourceTree = "<group>"; };
		CB72FA2221E48E0F22612127 /* libPods-FuriganaConverter.a */ = {isa = PBXFileReference; explicitFileType = archive.ar; includeInIndex = 0; path = "libPods-FuriganaConverter.a"; sourceTree = BUILT_PRODUCTS_DIR; };
		F689D00C84499114531E57A7 /* Pods-FuriganaConverterUITests.debug.xcconfig */ = {isa = PBXFileReference; includeInIndex = 1; lastKnownFileType = text.xcconfig; name = "Pods-FuriganaConverterUITests.debug.xcconfig"; path = "Target Support Files/Pods-FuriganaConverterUITests/Pods-FuriganaConverterUITests.debug.xcconfig"; sourceTree = "<group>"; };
		FA17C528C8660D2CA58EA13D /* Pods-FuriganaConverterTests.release.xcconfig */ = {isa = PBXFileReference; includeInIndex = 1; lastKnownFileType = text.xcconfig; name = "Pods-FuriganaConverterTests.release.xcconfig"; path = "Target Support Files/Pods-FuriganaConverterTests/Pods-FuriganaConverterTests.release.xcconfig"; sourceTree = "<group>"; };
/* End PBXFileReference section */

/* Begin PBXFrameworksBuildPhase section */
		BBE8A3AE2398138F00663E73 /* Frameworks */ = {
			isa = PBXFrameworksBuildPhase;
			buildActionMask = 2147483647;
			files = (
				91F4C4D8FB2A5DD6B654A1A7 /* libPods-FuriganaConverter.a in Frameworks */,
			);
			runOnlyForDeploymentPostprocessing = 0;
		};
		BBE8A3C42398139000663E73 /* Frameworks */ = {
			isa = PBXFrameworksBuildPhase;
			buildActionMask = 2147483647;
			files = (
				37E81342BD21C40CAE1209CD /* libPods-FuriganaConverterTests.a in Frameworks */,
			);
			runOnlyForDeploymentPostprocessing = 0;
		};
		BBE8A3CF2398139000663E73 /* Frameworks */ = {
			isa = PBXFrameworksBuildPhase;
			buildActionMask = 2147483647;
			files = (
				496E7E3BFEDB078A894C3520 /* libPods-FuriganaConverterUITests.a in Frameworks */,
			);
			runOnlyForDeploymentPostprocessing = 0;
		};
/* End PBXFrameworksBuildPhase section */

/* Begin PBXGroup section */
		AF469265813A224EFC46A26A /* Pods */ = {
			isa = PBXGroup;
			children = (
				425D74E59DF6DE29BBB9CB33 /* Pods-FuriganaConverter.debug.xcconfig */,
				732A8E32FBE5CCAAFB7FDCC5 /* Pods-FuriganaConverter.release.xcconfig */,
				0D935B7C6A8A2B6CB0B836A7 /* Pods-FuriganaConverterTests.debug.xcconfig */,
				FA17C528C8660D2CA58EA13D /* Pods-FuriganaConverterTests.release.xcconfig */,
				F689D00C84499114531E57A7 /* Pods-FuriganaConverterUITests.debug.xcconfig */,
				30E2D2FE7B91DAA6FC2E930A /* Pods-FuriganaConverterUITests.release.xcconfig */,
			);
			path = Pods;
			sourceTree = "<group>";
		};
		B312C23E8AF3AB8EAE107D4F /* Frameworks */ = {
			isa = PBXGroup;
			children = (
				CB72FA2221E48E0F22612127 /* libPods-FuriganaConverter.a */,
				07AB264A526A138C973F4346 /* libPods-FuriganaConverterTests.a */,
				3AC9D3F9ABB813AEF2A1D918 /* libPods-FuriganaConverterUITests.a */,
			);
			name = Frameworks;
			sourceTree = "<group>";
		};
		BB69BC00239BF06C003B85A3 /* CoreData */ = {
			isa = PBXGroup;
			children = (
				BB69BBFC239BE619003B85A3 /* History+CoreDataClass.swift */,
				BB69BBFD239BE619003B85A3 /* History+CoreDataProperties.swift */,
				BB69BBF9239BE5A0003B85A3 /* FuriganaConverter.xcdatamodeld */,
				BB69BC01239BF1AB003B85A3 /* CoreDataStack.swift */,
				BB69BC09239CA1C5003B85A3 /* HistoryHolder.swift */,
			);
			path = CoreData;
			sourceTree = "<group>";
		};
		BB97E07923993B7800358A90 /* View */ = {
			isa = PBXGroup;
			children = (
				BB97E07C2399402F00358A90 /* NiblessView.swift */,
				BB97E093239AC8DF00358A90 /* Converter */,
			);
			path = View;
			sourceTree = "<group>";
		};
		BB97E086239A82A800358A90 /* Generated */ = {
			isa = PBXGroup;
			children = (
				BB97E089239A85B800358A90 /* PrivateInfoPlist.swift */,
				BB97E08E239A8E3700358A90 /* Strings.swift */,
			);
			path = Generated;
			sourceTree = "<group>";
		};
		BB97E093239AC8DF00358A90 /* Converter */ = {
			isa = PBXGroup;
			children = (
				BB97E099239ACF0A00358A90 /* ConverterUserInterface.swift */,
				BB97E07A23993BD000358A90 /* ConverterRootView.swift */,
				BB97E094239AC95900358A90 /* ConverterEventResponder.swift */,
				BBE83996239B853300A90DEB /* ConvertingResultView.swift */,
				BBE83998239B99C300A90DEB /* ConverterTopBar.swift */,
				BB69BBF7239BE558003B85A3 /* ConverterHistoryView.swift */,
				BB69BC03239C0666003B85A3 /* HistoryCell.swift */,
			);
			path = Converter;
			sourceTree = "<group>";
		};
		BB97E096239ACD0A00358A90 /* App */ = {
			isa = PBXGroup;
			children = (
				BB97E097239ACD6200358A90 /* AppDependencyContainer.swift */,
				BBE8A3B42398138F00663E73 /* AppDelegate.swift */,
				BBE8A3B62398138F00663E73 /* SceneDelegate.swift */,
				BB97E09B239ACFC200358A90 /* NiblessViewController.swift */,
				BBE8A3B82398138F00663E73 /* ConvertorViewController.swift */,
			);
			path = App;
			sourceTree = "<group>";
		};
		BBE83991239B73D200A90DEB /* App */ = {
			isa = PBXGroup;
			children = (
				BBE83992239B73E900A90DEB /* ConverterViewControllerTests.swift */,
			);
			path = App;
			sourceTree = "<group>";
		};
		BBE8399D239BADA200A90DEB /* Model */ = {
			isa = PBXGroup;
			children = (
				BB69BC00239BF06C003B85A3 /* CoreData */,
				BBE8399E239BADB700A90DEB /* ConverterOutputType.swift */,
			);
			path = Model;
			sourceTree = "<group>";
		};
		BBE8A3A82398138F00663E73 = {
			isa = PBXGroup;
			children = (
				BBE8A3B32398138F00663E73 /* FuriganaConverter */,
				BBE8A3CA2398139000663E73 /* FuriganaConverterTests */,
				BBE8A3D52398139000663E73 /* FuriganaConverterUITests */,
				BBE8A3B22398138F00663E73 /* Products */,
				AF469265813A224EFC46A26A /* Pods */,
				B312C23E8AF3AB8EAE107D4F /* Frameworks */,
			);
			sourceTree = "<group>";
		};
		BBE8A3B22398138F00663E73 /* Products */ = {
			isa = PBXGroup;
			children = (
				BBE8A3B12398138F00663E73 /* FuriganaConverter.app */,
				BBE8A3C72398139000663E73 /* FuriganaConverterTests.xctest */,
				BBE8A3D22398139000663E73 /* FuriganaConverterUITests.xctest */,
			);
			name = Products;
			sourceTree = "<group>";
		};
		BBE8A3B32398138F00663E73 /* FuriganaConverter */ = {
			isa = PBXGroup;
			children = (
				BBE8A3BD2398139000663E73 /* Assets.xcassets */,
				BBE8A3BF2398139000663E73 /* LaunchScreen.storyboard */,
				BBE8A3C22398139000663E73 /* Info.plist */,
				BBE8A405239825AF00663E73 /* PrivateInfo.plist */,
				BB97E084239952BB00358A90 /* Localizable.strings */,
				BB97E096239ACD0A00358A90 /* App */,
				BB97E07923993B7800358A90 /* View */,
				BBE8A3F42398218F00663E73 /* Data */,
				BB97E086239A82A800358A90 /* Generated */,
			);
			path = FuriganaConverter;
			sourceTree = "<group>";
		};
		BBE8A3CA2398139000663E73 /* FuriganaConverterTests */ = {
			isa = PBXGroup;
			children = (
				BBE8A3CD2398139000663E73 /* Info.plist */,
				BBE8A4002398248B00663E73 /* Mock */,
				BBE83991239B73D200A90DEB /* App */,
				BBE8A3FE2398223900663E73 /* Data */,
			);
			path = FuriganaConverterTests;
			sourceTree = "<group>";
		};
		BBE8A3D52398139000663E73 /* FuriganaConverterUITests */ = {
			isa = PBXGroup;
			children = (
				BBE8A3F123981C0600663E73 /* FuriganaConverterUITests.swift */,
				BBE8A3D82398139000663E73 /* Info.plist */,
			);
			path = FuriganaConverterUITests;
			sourceTree = "<group>";
		};
		BBE8A3F42398218F00663E73 /* Data */ = {
			isa = PBXGroup;
			children = (
				BBE8399D239BADA200A90DEB /* Model */,
				BBE8A3F52398219600663E73 /* Remote */,
			);
			path = Data;
			sourceTree = "<group>";
		};
		BBE8A3F52398219600663E73 /* Remote */ = {
			isa = PBXGroup;
			children = (
				BBE8A3F6239821A300663E73 /* RemoteAPIError.swift */,
				BBE8A3F8239821BD00663E73 /* FuriganaConverterRemoteAPI.swift */,
				BBE8A3FA239821EA00663E73 /* GooFuriganaConverterRemoteAPI.swift */,
				BBE8A40823982B6B00663E73 /* Response */,
			);
			path = Remote;
			sourceTree = "<group>";
		};
		BBE8A3FE2398223900663E73 /* Data */ = {
			isa = PBXGroup;
			children = (
				BBE8A3FF2398223F00663E73 /* Remote */,
			);
			path = Data;
			sourceTree = "<group>";
		};
		BBE8A3FF2398223F00663E73 /* Remote */ = {
			isa = PBXGroup;
			children = (
				BBE8A3FC2398222900663E73 /* GooFuriganaConverterRemoteAPITests.swift */,
			);
			path = Remote;
			sourceTree = "<group>";
		};
		BBE8A4002398248B00663E73 /* Mock */ = {
			isa = PBXGroup;
			children = (
				BBE8A401239824A300663E73 /* MockURLSessionDataTask.swift */,
				BBE8A403239824D500663E73 /* MockURLSession.swift */,
				BBE83994239B74B000A90DEB /* MockFuriganaConverterRemoteAPI.swift */,
				BB69BC07239C9E4D003B85A3 /* MockCoreDataStack.swift */,
				BB69BC0B239CA3FF003B85A3 /* MockHistoryHolder.swift */,
			);
			path = Mock;
			sourceTree = "<group>";
		};
		BBE8A40823982B6B00663E73 /* Response */ = {
			isa = PBXGroup;
			children = (
				BBE8A40923982B7B00663E73 /* ErrorResponse.swift */,
				BBE8A40B23982EFE00663E73 /* GooFuriganaConverterResponse.swift */,
			);
			path = Response;
			sourceTree = "<group>";
		};
/* End PBXGroup section */

/* Begin PBXNativeTarget section */
		BBE8A3B02398138F00663E73 /* FuriganaConverter */ = {
			isa = PBXNativeTarget;
			buildConfigurationList = BBE8A3DB2398139000663E73 /* Build configuration list for PBXNativeTarget "FuriganaConverter" */;
			buildPhases = (
				42FCE86BFFCBBAC756950A16 /* [CP] Check Pods Manifest.lock */,
				BB97E090239A8F3F00358A90 /* SwiftGen */,
				BBE8A3AD2398138F00663E73 /* Sources */,
				BBE8A3AE2398138F00663E73 /* Frameworks */,
				BBE8A3AF2398138F00663E73 /* Resources */,
				BBE8A3F3239820CA00663E73 /* SwiftLint */,
			);
			buildRules = (
			);
			dependencies = (
			);
			name = FuriganaConverter;
			productName = FuriganaConverter;
			productReference = BBE8A3B12398138F00663E73 /* FuriganaConverter.app */;
			productType = "com.apple.product-type.application";
		};
		BBE8A3C62398139000663E73 /* FuriganaConverterTests */ = {
			isa = PBXNativeTarget;
			buildConfigurationList = BBE8A3DE2398139000663E73 /* Build configuration list for PBXNativeTarget "FuriganaConverterTests" */;
			buildPhases = (
				3CB355F65B18E9ECDC4EE811 /* [CP] Check Pods Manifest.lock */,
				BBE8A3C32398139000663E73 /* Sources */,
				BBE8A3C42398139000663E73 /* Frameworks */,
				BBE8A3C52398139000663E73 /* Resources */,
			);
			buildRules = (
			);
			dependencies = (
				BBE8A3C92398139000663E73 /* PBXTargetDependency */,
			);
			name = FuriganaConverterTests;
			productName = FuriganaConverterTests;
			productReference = BBE8A3C72398139000663E73 /* FuriganaConverterTests.xctest */;
			productType = "com.apple.product-type.bundle.unit-test";
		};
		BBE8A3D12398139000663E73 /* FuriganaConverterUITests */ = {
			isa = PBXNativeTarget;
			buildConfigurationList = BBE8A3E12398139000663E73 /* Build configuration list for PBXNativeTarget "FuriganaConverterUITests" */;
			buildPhases = (
				A4B71EFC37E3633AD93F14D7 /* [CP] Check Pods Manifest.lock */,
				BBE8A3CE2398139000663E73 /* Sources */,
				BBE8A3CF2398139000663E73 /* Frameworks */,
				BBE8A3D02398139000663E73 /* Resources */,
			);
			buildRules = (
			);
			dependencies = (
				BBE8A3D42398139000663E73 /* PBXTargetDependency */,
			);
			name = FuriganaConverterUITests;
			productName = FuriganaConverterUITests;
			productReference = BBE8A3D22398139000663E73 /* FuriganaConverterUITests.xctest */;
			productType = "com.apple.product-type.bundle.ui-testing";
		};
/* End PBXNativeTarget section */

/* Begin PBXProject section */
		BBE8A3A92398138F00663E73 /* Project object */ = {
			isa = PBXProject;
			attributes = {
				LastSwiftUpdateCheck = 1120;
				LastUpgradeCheck = 1120;
				ORGANIZATIONNAME = "Jierong Li";
				TargetAttributes = {
					BBE8A3B02398138F00663E73 = {
						CreatedOnToolsVersion = 11.2.1;
					};
					BBE8A3C62398139000663E73 = {
						CreatedOnToolsVersion = 11.2.1;
						LastSwiftMigration = 1120;
						TestTargetID = BBE8A3B02398138F00663E73;
					};
					BBE8A3D12398139000663E73 = {
						CreatedOnToolsVersion = 11.2.1;
						LastSwiftMigration = 1120;
						TestTargetID = BBE8A3B02398138F00663E73;
					};
				};
			};
			buildConfigurationList = BBE8A3AC2398138F00663E73 /* Build configuration list for PBXProject "FuriganaConverter" */;
			compatibilityVersion = "Xcode 9.3";
			developmentRegion = en;
			hasScannedForEncodings = 0;
			knownRegions = (
				en,
				Base,
				ja,
			);
			mainGroup = BBE8A3A82398138F00663E73;
			productRefGroup = BBE8A3B22398138F00663E73 /* Products */;
			projectDirPath = "";
			projectRoot = "";
			targets = (
				BBE8A3B02398138F00663E73 /* FuriganaConverter */,
				BBE8A3C62398139000663E73 /* FuriganaConverterTests */,
				BBE8A3D12398139000663E73 /* FuriganaConverterUITests */,
			);
		};
/* End PBXProject section */

/* Begin PBXResourcesBuildPhase section */
		BBE8A3AF2398138F00663E73 /* Resources */ = {
			isa = PBXResourcesBuildPhase;
			buildActionMask = 2147483647;
			files = (
				BB97E082239952BB00358A90 /* Localizable.strings in Resources */,
				BBE8A3C12398139000663E73 /* LaunchScreen.storyboard in Resources */,
				BBE8A3BE2398139000663E73 /* Assets.xcassets in Resources */,
				BBE8A4072398263400663E73 /* PrivateInfo.plist in Resources */,
			);
			runOnlyForDeploymentPostprocessing = 0;
		};
		BBE8A3C52398139000663E73 /* Resources */ = {
			isa = PBXResourcesBuildPhase;
			buildActionMask = 2147483647;
			files = (
			);
			runOnlyForDeploymentPostprocessing = 0;
		};
		BBE8A3D02398139000663E73 /* Resources */ = {
			isa = PBXResourcesBuildPhase;
			buildActionMask = 2147483647;
			files = (
			);
			runOnlyForDeploymentPostprocessing = 0;
		};
/* End PBXResourcesBuildPhase section */

/* Begin PBXShellScriptBuildPhase section */
		3CB355F65B18E9ECDC4EE811 /* [CP] Check Pods Manifest.lock */ = {
			isa = PBXShellScriptBuildPhase;
			buildActionMask = 2147483647;
			files = (
			);
			inputFileListPaths = (
			);
			inputPaths = (
				"${PODS_PODFILE_DIR_PATH}/Podfile.lock",
				"${PODS_ROOT}/Manifest.lock",
			);
			name = "[CP] Check Pods Manifest.lock";
			outputFileListPaths = (
			);
			outputPaths = (
				"$(DERIVED_FILE_DIR)/Pods-FuriganaConverterTests-checkManifestLockResult.txt",
			);
			runOnlyForDeploymentPostprocessing = 0;
			shellPath = /bin/sh;
			shellScript = "diff \"${PODS_PODFILE_DIR_PATH}/Podfile.lock\" \"${PODS_ROOT}/Manifest.lock\" > /dev/null\nif [ $? != 0 ] ; then\n    # print error to STDERR\n    echo \"error: The sandbox is not in sync with the Podfile.lock. Run 'pod install' or update your CocoaPods installation.\" >&2\n    exit 1\nfi\n# This output is used by Xcode 'outputs' to avoid re-running this script phase.\necho \"SUCCESS\" > \"${SCRIPT_OUTPUT_FILE_0}\"\n";
			showEnvVarsInLog = 0;
		};
		42FCE86BFFCBBAC756950A16 /* [CP] Check Pods Manifest.lock */ = {
			isa = PBXShellScriptBuildPhase;
			buildActionMask = 2147483647;
			files = (
			);
			inputFileListPaths = (
			);
			inputPaths = (
				"${PODS_PODFILE_DIR_PATH}/Podfile.lock",
				"${PODS_ROOT}/Manifest.lock",
			);
			name = "[CP] Check Pods Manifest.lock";
			outputFileListPaths = (
			);
			outputPaths = (
				"$(DERIVED_FILE_DIR)/Pods-FuriganaConverter-checkManifestLockResult.txt",
			);
			runOnlyForDeploymentPostprocessing = 0;
			shellPath = /bin/sh;
			shellScript = "diff \"${PODS_PODFILE_DIR_PATH}/Podfile.lock\" \"${PODS_ROOT}/Manifest.lock\" > /dev/null\nif [ $? != 0 ] ; then\n    # print error to STDERR\n    echo \"error: The sandbox is not in sync with the Podfile.lock. Run 'pod install' or update your CocoaPods installation.\" >&2\n    exit 1\nfi\n# This output is used by Xcode 'outputs' to avoid re-running this script phase.\necho \"SUCCESS\" > \"${SCRIPT_OUTPUT_FILE_0}\"\n";
			showEnvVarsInLog = 0;
		};
		A4B71EFC37E3633AD93F14D7 /* [CP] Check Pods Manifest.lock */ = {
			isa = PBXShellScriptBuildPhase;
			buildActionMask = 2147483647;
			files = (
			);
			inputFileListPaths = (
			);
			inputPaths = (
				"${PODS_PODFILE_DIR_PATH}/Podfile.lock",
				"${PODS_ROOT}/Manifest.lock",
			);
			name = "[CP] Check Pods Manifest.lock";
			outputFileListPaths = (
			);
			outputPaths = (
				"$(DERIVED_FILE_DIR)/Pods-FuriganaConverterUITests-checkManifestLockResult.txt",
			);
			runOnlyForDeploymentPostprocessing = 0;
			shellPath = /bin/sh;
			shellScript = "diff \"${PODS_PODFILE_DIR_PATH}/Podfile.lock\" \"${PODS_ROOT}/Manifest.lock\" > /dev/null\nif [ $? != 0 ] ; then\n    # print error to STDERR\n    echo \"error: The sandbox is not in sync with the Podfile.lock. Run 'pod install' or update your CocoaPods installation.\" >&2\n    exit 1\nfi\n# This output is used by Xcode 'outputs' to avoid re-running this script phase.\necho \"SUCCESS\" > \"${SCRIPT_OUTPUT_FILE_0}\"\n";
			showEnvVarsInLog = 0;
		};
		BB97E090239A8F3F00358A90 /* SwiftGen */ = {
			isa = PBXShellScriptBuildPhase;
			buildActionMask = 2147483647;
			files = (
			);
			inputFileListPaths = (
			);
			inputPaths = (
			);
			name = SwiftGen;
			outputFileListPaths = (
			);
			outputPaths = (
			);
			runOnlyForDeploymentPostprocessing = 0;
			shellPath = /bin/sh;
			shellScript = "if which \"$PODS_ROOT/SwiftGen/bin/swiftgen\" >/dev/null; then\n    \"$PODS_ROOT/SwiftGen/bin/swiftgen\"\nelse\n    echo \"warning: SwiftGen not installed, download it from https://github.com/SwiftGen/SwiftGen\"\nfi\n";
		};
		BBE8A3F3239820CA00663E73 /* SwiftLint */ = {
			isa = PBXShellScriptBuildPhase;
			buildActionMask = 2147483647;
			files = (
			);
			inputFileListPaths = (
			);
			inputPaths = (
			);
			name = SwiftLint;
			outputFileListPaths = (
			);
			outputPaths = (
			);
			runOnlyForDeploymentPostprocessing = 0;
			shellPath = /bin/sh;
			shellScript = "if which \"${PODS_ROOT}/SwiftLint/swiftlint\" >/dev/null; then\n    \"${PODS_ROOT}/SwiftLint/swiftlint\"\nelse\n    echo \"warning: SwiftLint not installed, download from https://github.com/realm/SwiftLint\"\nfi\n";
		};
/* End PBXShellScriptBuildPhase section */

/* Begin PBXSourcesBuildPhase section */
		BBE8A3AD2398138F00663E73 /* Sources */ = {
			isa = PBXSourcesBuildPhase;
			buildActionMask = 2147483647;
			files = (
				BBE8A3B92398138F00663E73 /* ConvertorViewController.swift in Sources */,
				BB69BBFB239BE5A0003B85A3 /* FuriganaConverter.xcdatamodeld in Sources */,
				BB69BBFE239BE619003B85A3 /* History+CoreDataClass.swift in Sources */,
				BB97E095239AC95900358A90 /* ConverterEventResponder.swift in Sources */,
				BB97E07B23993BD000358A90 /* ConverterRootView.swift in Sources */,
				BBE8A3F9239821BD00663E73 /* FuriganaConverterRemoteAPI.swift in Sources */,
				BB97E08A239A85B800358A90 /* PrivateInfoPlist.swift in Sources */,
				BB97E09C239ACFC200358A90 /* NiblessViewController.swift in Sources */,
				BB69BBF8239BE559003B85A3 /* ConverterHistoryView.swift in Sources */,
				BBE8A3B52398138F00663E73 /* AppDelegate.swift in Sources */,
				BBE8A3B72398138F00663E73 /* SceneDelegate.swift in Sources */,
				BBE8A3FB239821EA00663E73 /* GooFuriganaConverterRemoteAPI.swift in Sources */,
				BB69BBFF239BE619003B85A3 /* History+CoreDataProperties.swift in Sources */,
				BBE83997239B853300A90DEB /* ConvertingResultView.swift in Sources */,
				BB97E09A239ACF0A00358A90 /* ConverterUserInterface.swift in Sources */,
				BB69BC02239BF1AB003B85A3 /* CoreDataStack.swift in Sources */,
				BB69BC0A239CA1C5003B85A3 /* HistoryHolder.swift in Sources */,
				BBE8A3F7239821A300663E73 /* RemoteAPIError.swift in Sources */,
				BB97E07D2399402F00358A90 /* NiblessView.swift in Sources */,
				BB97E098239ACD6200358A90 /* AppDependencyContainer.swift in Sources */,
				BB69BC04239C0666003B85A3 /* HistoryCell.swift in Sources */,
				BBE8A40C23982EFE00663E73 /* GooFuriganaConverterResponse.swift in Sources */,
				BB97E08F239A8E3700358A90 /* Strings.swift in Sources */,
				BBE83999239B99C300A90DEB /* ConverterTopBar.swift in Sources */,
				BBE8A40A23982B7B00663E73 /* ErrorResponse.swift in Sources */,
				BBE8399F239BADB700A90DEB /* ConverterOutputType.swift in Sources */,
			);
			runOnlyForDeploymentPostprocessing = 0;
		};
		BBE8A3C32398139000663E73 /* Sources */ = {
			isa = PBXSourcesBuildPhase;
			buildActionMask = 2147483647;
			files = (
				BBE83995239B74B000A90DEB /* MockFuriganaConverterRemoteAPI.swift in Sources */,
				BB69BC08239C9E4D003B85A3 /* MockCoreDataStack.swift in Sources */,
				BBE8A404239824D500663E73 /* MockURLSession.swift in Sources */,
				BBE8A3FD2398222900663E73 /* GooFuriganaConverterRemoteAPITests.swift in Sources */,
				BB69BC0C239CA3FF003B85A3 /* MockHistoryHolder.swift in Sources */,
				BBE8A402239824A300663E73 /* MockURLSessionDataTask.swift in Sources */,
				BBE83993239B73E900A90DEB /* ConverterViewControllerTests.swift in Sources */,
			);
			runOnlyForDeploymentPostprocessing = 0;
		};
		BBE8A3CE2398139000663E73 /* Sources */ = {
			isa = PBXSourcesBuildPhase;
			buildActionMask = 2147483647;
			files = (
				BBE8A3F223981C0600663E73 /* FuriganaConverterUITests.swift in Sources */,
			);
			runOnlyForDeploymentPostprocessing = 0;
		};
/* End PBXSourcesBuildPhase section */

/* Begin PBXTargetDependency section */
		BBE8A3C92398139000663E73 /* PBXTargetDependency */ = {
			isa = PBXTargetDependency;
			target = BBE8A3B02398138F00663E73 /* FuriganaConverter */;
			targetProxy = BBE8A3C82398139000663E73 /* PBXContainerItemProxy */;
		};
		BBE8A3D42398139000663E73 /* PBXTargetDependency */ = {
			isa = PBXTargetDependency;
			target = BBE8A3B02398138F00663E73 /* FuriganaConverter */;
			targetProxy = BBE8A3D32398139000663E73 /* PBXContainerItemProxy */;
		};
/* End PBXTargetDependency section */

/* Begin PBXVariantGroup section */
		BB97E084239952BB00358A90 /* Localizable.strings */ = {
			isa = PBXVariantGroup;
			children = (
				BB97E083239952BB00358A90 /* ja */,
				BB97E08D239A8D3700358A90 /* Base */,
			);
			name = Localizable.strings;
			sourceTree = "<group>";
		};
		BBE8A3BF2398139000663E73 /* LaunchScreen.storyboard */ = {
			isa = PBXVariantGroup;
			children = (
				BBE8A3C02398139000663E73 /* Base */,
				BB97E0812399529C00358A90 /* ja */,
			);
			name = LaunchScreen.storyboard;
			sourceTree = "<group>";
		};
/* End PBXVariantGroup section */

/* Begin XCBuildConfiguration section */
		BBE8A3D92398139000663E73 /* Debug */ = {
			isa = XCBuildConfiguration;
			buildSettings = {
				ALWAYS_SEARCH_USER_PATHS = NO;
				CLANG_ANALYZER_LOCALIZABILITY_NONLOCALIZED = YES;
				CLANG_ANALYZER_NONNULL = YES;
				CLANG_ANALYZER_NUMBER_OBJECT_CONVERSION = YES_AGGRESSIVE;
				CLANG_CXX_LANGUAGE_STANDARD = "gnu++14";
				CLANG_CXX_LIBRARY = "libc++";
				CLANG_ENABLE_MODULES = YES;
				CLANG_ENABLE_OBJC_ARC = YES;
				CLANG_ENABLE_OBJC_WEAK = YES;
				CLANG_WARN_BLOCK_CAPTURE_AUTORELEASING = YES;
				CLANG_WARN_BOOL_CONVERSION = YES;
				CLANG_WARN_COMMA = YES;
				CLANG_WARN_CONSTANT_CONVERSION = YES;
				CLANG_WARN_DEPRECATED_OBJC_IMPLEMENTATIONS = YES;
				CLANG_WARN_DIRECT_OBJC_ISA_USAGE = YES_ERROR;
				CLANG_WARN_DOCUMENTATION_COMMENTS = YES;
				CLANG_WARN_EMPTY_BODY = YES;
				CLANG_WARN_ENUM_CONVERSION = YES;
				CLANG_WARN_INFINITE_RECURSION = YES;
				CLANG_WARN_INT_CONVERSION = YES;
				CLANG_WARN_NON_LITERAL_NULL_CONVERSION = YES;
				CLANG_WARN_OBJC_IMPLICIT_RETAIN_SELF = YES;
				CLANG_WARN_OBJC_LITERAL_CONVERSION = YES;
				CLANG_WARN_OBJC_ROOT_CLASS = YES_ERROR;
				CLANG_WARN_RANGE_LOOP_ANALYSIS = YES;
				CLANG_WARN_STRICT_PROTOTYPES = YES;
				CLANG_WARN_SUSPICIOUS_MOVE = YES;
				CLANG_WARN_UNGUARDED_AVAILABILITY = YES_AGGRESSIVE;
				CLANG_WARN_UNREACHABLE_CODE = YES;
				CLANG_WARN__DUPLICATE_METHOD_MATCH = YES;
				COPY_PHASE_STRIP = NO;
				DEBUG_INFORMATION_FORMAT = dwarf;
				ENABLE_STRICT_OBJC_MSGSEND = YES;
				ENABLE_TESTABILITY = YES;
				GCC_C_LANGUAGE_STANDARD = gnu11;
				GCC_DYNAMIC_NO_PIC = NO;
				GCC_NO_COMMON_BLOCKS = YES;
				GCC_OPTIMIZATION_LEVEL = 0;
				GCC_PREPROCESSOR_DEFINITIONS = (
					"DEBUG=1",
					"$(inherited)",
				);
				GCC_WARN_64_TO_32_BIT_CONVERSION = YES;
				GCC_WARN_ABOUT_RETURN_TYPE = YES_ERROR;
				GCC_WARN_UNDECLARED_SELECTOR = YES;
				GCC_WARN_UNINITIALIZED_AUTOS = YES_AGGRESSIVE;
				GCC_WARN_UNUSED_FUNCTION = YES;
				GCC_WARN_UNUSED_VARIABLE = YES;
				IPHONEOS_DEPLOYMENT_TARGET = 13.2;
				MTL_ENABLE_DEBUG_INFO = INCLUDE_SOURCE;
				MTL_FAST_MATH = YES;
				ONLY_ACTIVE_ARCH = YES;
				SDKROOT = iphoneos;
				SWIFT_ACTIVE_COMPILATION_CONDITIONS = DEBUG;
				SWIFT_OPTIMIZATION_LEVEL = "-Onone";
			};
			name = Debug;
		};
		BBE8A3DA2398139000663E73 /* Release */ = {
			isa = XCBuildConfiguration;
			buildSettings = {
				ALWAYS_SEARCH_USER_PATHS = NO;
				CLANG_ANALYZER_LOCALIZABILITY_NONLOCALIZED = YES;
				CLANG_ANALYZER_NONNULL = YES;
				CLANG_ANALYZER_NUMBER_OBJECT_CONVERSION = YES_AGGRESSIVE;
				CLANG_CXX_LANGUAGE_STANDARD = "gnu++14";
				CLANG_CXX_LIBRARY = "libc++";
				CLANG_ENABLE_MODULES = YES;
				CLANG_ENABLE_OBJC_ARC = YES;
				CLANG_ENABLE_OBJC_WEAK = YES;
				CLANG_WARN_BLOCK_CAPTURE_AUTORELEASING = YES;
				CLANG_WARN_BOOL_CONVERSION = YES;
				CLANG_WARN_COMMA = YES;
				CLANG_WARN_CONSTANT_CONVERSION = YES;
				CLANG_WARN_DEPRECATED_OBJC_IMPLEMENTATIONS = YES;
				CLANG_WARN_DIRECT_OBJC_ISA_USAGE = YES_ERROR;
				CLANG_WARN_DOCUMENTATION_COMMENTS = YES;
				CLANG_WARN_EMPTY_BODY = YES;
				CLANG_WARN_ENUM_CONVERSION = YES;
				CLANG_WARN_INFINITE_RECURSION = YES;
				CLANG_WARN_INT_CONVERSION = YES;
				CLANG_WARN_NON_LITERAL_NULL_CONVERSION = YES;
				CLANG_WARN_OBJC_IMPLICIT_RETAIN_SELF = YES;
				CLANG_WARN_OBJC_LITERAL_CONVERSION = YES;
				CLANG_WARN_OBJC_ROOT_CLASS = YES_ERROR;
				CLANG_WARN_RANGE_LOOP_ANALYSIS = YES;
				CLANG_WARN_STRICT_PROTOTYPES = YES;
				CLANG_WARN_SUSPICIOUS_MOVE = YES;
				CLANG_WARN_UNGUARDED_AVAILABILITY = YES_AGGRESSIVE;
				CLANG_WARN_UNREACHABLE_CODE = YES;
				CLANG_WARN__DUPLICATE_METHOD_MATCH = YES;
				COPY_PHASE_STRIP = NO;
				DEBUG_INFORMATION_FORMAT = "dwarf-with-dsym";
				ENABLE_NS_ASSERTIONS = NO;
				ENABLE_STRICT_OBJC_MSGSEND = YES;
				GCC_C_LANGUAGE_STANDARD = gnu11;
				GCC_NO_COMMON_BLOCKS = YES;
				GCC_WARN_64_TO_32_BIT_CONVERSION = YES;
				GCC_WARN_ABOUT_RETURN_TYPE = YES_ERROR;
				GCC_WARN_UNDECLARED_SELECTOR = YES;
				GCC_WARN_UNINITIALIZED_AUTOS = YES_AGGRESSIVE;
				GCC_WARN_UNUSED_FUNCTION = YES;
				GCC_WARN_UNUSED_VARIABLE = YES;
				IPHONEOS_DEPLOYMENT_TARGET = 13.2;
				MTL_ENABLE_DEBUG_INFO = NO;
				MTL_FAST_MATH = YES;
				SDKROOT = iphoneos;
				SWIFT_COMPILATION_MODE = wholemodule;
				SWIFT_OPTIMIZATION_LEVEL = "-O";
				VALIDATE_PRODUCT = YES;
			};
			name = Release;
		};
		BBE8A3DC2398139000663E73 /* Debug */ = {
			isa = XCBuildConfiguration;
			baseConfigurationReference = 425D74E59DF6DE29BBB9CB33 /* Pods-FuriganaConverter.debug.xcconfig */;
			buildSettings = {
				ASSETCATALOG_COMPILER_APPICON_NAME = AppIcon;
				CODE_SIGN_STYLE = Automatic;
				INFOPLIST_FILE = FuriganaConverter/Info.plist;
				LD_RUNPATH_SEARCH_PATHS = (
					"$(inherited)",
					"@executable_path/Frameworks",
				);
				PRODUCT_BUNDLE_IDENTIFIER = dev.jierongli.FuriganaConverter;
				PRODUCT_NAME = "$(TARGET_NAME)";
				SWIFT_VERSION = 5.0;
				TARGETED_DEVICE_FAMILY = "1,2";
			};
			name = Debug;
		};
		BBE8A3DD2398139000663E73 /* Release */ = {
			isa = XCBuildConfiguration;
			baseConfigurationReference = 732A8E32FBE5CCAAFB7FDCC5 /* Pods-FuriganaConverter.release.xcconfig */;
			buildSettings = {
				ASSETCATALOG_COMPILER_APPICON_NAME = AppIcon;
				CODE_SIGN_STYLE = Automatic;
				INFOPLIST_FILE = FuriganaConverter/Info.plist;
				LD_RUNPATH_SEARCH_PATHS = (
					"$(inherited)",
					"@executable_path/Frameworks",
				);
				PRODUCT_BUNDLE_IDENTIFIER = dev.jierongli.FuriganaConverter;
				PRODUCT_NAME = "$(TARGET_NAME)";
				SWIFT_VERSION = 5.0;
				TARGETED_DEVICE_FAMILY = "1,2";
			};
			name = Release;
		};
		BBE8A3DF2398139000663E73 /* Debug */ = {
			isa = XCBuildConfiguration;
			baseConfigurationReference = 0D935B7C6A8A2B6CB0B836A7 /* Pods-FuriganaConverterTests.debug.xcconfig */;
			buildSettings = {
				ALWAYS_EMBED_SWIFT_STANDARD_LIBRARIES = YES;
				BUNDLE_LOADER = "$(TEST_HOST)";
				CLANG_ENABLE_MODULES = YES;
				CODE_SIGN_STYLE = Automatic;
				INFOPLIST_FILE = FuriganaConverterTests/Info.plist;
				IPHONEOS_DEPLOYMENT_TARGET = 13.2;
				LD_RUNPATH_SEARCH_PATHS = (
					"$(inherited)",
					"@executable_path/Frameworks",
					"@loader_path/Frameworks",
				);
				PRODUCT_BUNDLE_IDENTIFIER = dev.jierongli.FuriganaConverterTests;
				PRODUCT_NAME = "$(TARGET_NAME)";
				SWIFT_OPTIMIZATION_LEVEL = "-Onone";
				SWIFT_VERSION = 5.0;
				TARGETED_DEVICE_FAMILY = "1,2";
				TEST_HOST = "$(BUILT_PRODUCTS_DIR)/FuriganaConverter.app/FuriganaConverter";
			};
			name = Debug;
		};
		BBE8A3E02398139000663E73 /* Release */ = {
			isa = XCBuildConfiguration;
			baseConfigurationReference = FA17C528C8660D2CA58EA13D /* Pods-FuriganaConverterTests.release.xcconfig */;
			buildSettings = {
				ALWAYS_EMBED_SWIFT_STANDARD_LIBRARIES = YES;
				BUNDLE_LOADER = "$(TEST_HOST)";
				CLANG_ENABLE_MODULES = YES;
				CODE_SIGN_STYLE = Automatic;
				INFOPLIST_FILE = FuriganaConverterTests/Info.plist;
				IPHONEOS_DEPLOYMENT_TARGET = 13.2;
				LD_RUNPATH_SEARCH_PATHS = (
					"$(inherited)",
					"@executable_path/Frameworks",
					"@loader_path/Frameworks",
				);
				PRODUCT_BUNDLE_IDENTIFIER = dev.jierongli.FuriganaConverterTests;
				PRODUCT_NAME = "$(TARGET_NAME)";
				SWIFT_VERSION = 5.0;
				TARGETED_DEVICE_FAMILY = "1,2";
				TEST_HOST = "$(BUILT_PRODUCTS_DIR)/FuriganaConverter.app/FuriganaConverter";
			};
			name = Release;
		};
		BBE8A3E22398139000663E73 /* Debug */ = {
			isa = XCBuildConfiguration;
			baseConfigurationReference = F689D00C84499114531E57A7 /* Pods-FuriganaConverterUITests.debug.xcconfig */;
			buildSettings = {
				ALWAYS_EMBED_SWIFT_STANDARD_LIBRARIES = YES;
				CLANG_ENABLE_MODULES = YES;
				CODE_SIGN_STYLE = Automatic;
				INFOPLIST_FILE = FuriganaConverterUITests/Info.plist;
				LD_RUNPATH_SEARCH_PATHS = (
					"$(inherited)",
					"@executable_path/Frameworks",
					"@loader_path/Frameworks",
				);
				PRODUCT_BUNDLE_IDENTIFIER = dev.jierongli.FuriganaConverterUITests;
				PRODUCT_NAME = "$(TARGET_NAME)";
				SWIFT_OPTIMIZATION_LEVEL = "-Onone";
				SWIFT_VERSION = 5.0;
				TARGETED_DEVICE_FAMILY = "1,2";
				TEST_TARGET_NAME = FuriganaConverter;
			};
			name = Debug;
		};
		BBE8A3E32398139000663E73 /* Release */ = {
			isa = XCBuildConfiguration;
			baseConfigurationReference = 30E2D2FE7B91DAA6FC2E930A /* Pods-FuriganaConverterUITests.release.xcconfig */;
			buildSettings = {
				ALWAYS_EMBED_SWIFT_STANDARD_LIBRARIES = YES;
				CLANG_ENABLE_MODULES = YES;
				CODE_SIGN_STYLE = Automatic;
				INFOPLIST_FILE = FuriganaConverterUITests/Info.plist;
				LD_RUNPATH_SEARCH_PATHS = (
					"$(inherited)",
					"@executable_path/Frameworks",
					"@loader_path/Frameworks",
				);
				PRODUCT_BUNDLE_IDENTIFIER = dev.jierongli.FuriganaConverterUITests;
				PRODUCT_NAME = "$(TARGET_NAME)";
				SWIFT_VERSION = 5.0;
				TARGETED_DEVICE_FAMILY = "1,2";
				TEST_TARGET_NAME = FuriganaConverter;
			};
			name = Release;
		};
/* End XCBuildConfiguration section */

/* Begin XCConfigurationList section */
		BBE8A3AC2398138F00663E73 /* Build configuration list for PBXProject "FuriganaConverter" */ = {
			isa = XCConfigurationList;
			buildConfigurations = (
				BBE8A3D92398139000663E73 /* Debug */,
				BBE8A3DA2398139000663E73 /* Release */,
			);
			defaultConfigurationIsVisible = 0;
			defaultConfigurationName = Release;
		};
		BBE8A3DB2398139000663E73 /* Build configuration list for PBXNativeTarget "FuriganaConverter" */ = {
			isa = XCConfigurationList;
			buildConfigurations = (
				BBE8A3DC2398139000663E73 /* Debug */,
				BBE8A3DD2398139000663E73 /* Release */,
			);
			defaultConfigurationIsVisible = 0;
			defaultConfigurationName = Release;
		};
		BBE8A3DE2398139000663E73 /* Build configuration list for PBXNativeTarget "FuriganaConverterTests" */ = {
			isa = XCConfigurationList;
			buildConfigurations = (
				BBE8A3DF2398139000663E73 /* Debug */,
				BBE8A3E02398139000663E73 /* Release */,
			);
			defaultConfigurationIsVisible = 0;
			defaultConfigurationName = Release;
		};
		BBE8A3E12398139000663E73 /* Build configuration list for PBXNativeTarget "FuriganaConverterUITests" */ = {
			isa = XCConfigurationList;
			buildConfigurations = (
				BBE8A3E22398139000663E73 /* Debug */,
				BBE8A3E32398139000663E73 /* Release */,
			);
			defaultConfigurationIsVisible = 0;
			defaultConfigurationName = Release;
		};
/* End XCConfigurationList section */

/* Begin XCVersionGroup section */
		BB69BBF9239BE5A0003B85A3 /* FuriganaConverter.xcdatamodeld */ = {
			isa = XCVersionGroup;
			children = (
				BB69BBFA239BE5A0003B85A3 /* FuriganaConverter.xcdatamodel */,
			);
			currentVersion = BB69BBFA239BE5A0003B85A3 /* FuriganaConverter.xcdatamodel */;
			path = FuriganaConverter.xcdatamodeld;
			sourceTree = "<group>";
			versionGroupType = wrapper.xcdatamodel;
		};
/* End XCVersionGroup section */
	};
	rootObject = BBE8A3A92398138F00663E73 /* Project object */;
}
